{
  "name": "testup",
  "version": "1.0.0",
  "lockfileVersion": 2,
  "requires": true,
  "packages": {
    "": {
      "name": "testup",
      "version": "1.0.0",
      "license": "ISC",
      "dependencies": {
        "pactum": "^3.1.9",
        "playwright": "1.22.2"
      }
    },
    "node_modules/@arr/every": {
      "version": "1.0.1",
      "resolved": "https://registry.npmjs.org/@arr/every/-/every-1.0.1.tgz",
      "integrity": "sha512-UQFQ6SgyJ6LX42W8rHCs8KVc0JS0tzVL9ct4XYedJukskYVWTo49tNiMEK9C2HTyarbNiT/RVIRSY82vH+6sTg==",
      "engines": {
        "node": ">=4"
      }
    },
    "node_modules/@exodus/schemasafe": {
      "version": "1.0.0-rc.6",
      "resolved": "https://registry.npmjs.org/@exodus/schemasafe/-/schemasafe-1.0.0-rc.6.tgz",
      "integrity": "sha512-dDnQizD94EdBwEj/fh3zPRa/HWCS9O5au2PuHhZBbuM3xWHxuaKzPBOEWze7Nn0xW68MIpZ7Xdyn1CoCpjKCuQ=="
    },
    "node_modules/@polka/url": {
      "version": "0.5.0",
      "resolved": "https://registry.npmjs.org/@polka/url/-/url-0.5.0.tgz",
      "integrity": "sha512-oZLYFEAzUKyi3SKnXvj32ZCEGH6RDnao7COuCVhDydMS9NrCSVXhM79VaKyP5+Zc33m0QXEd2DN3UkU7OsHcfw=="
    },
    "node_modules/asynckit": {
      "version": "0.4.0",
      "resolved": "https://registry.npmjs.org/asynckit/-/asynckit-0.4.0.tgz",
      "integrity": "sha512-Oei9OH4tRh0YqU3GxhX79dM/mwVgvbZJaSNaRk+bshkj0S5cfHcgYakreBjrHwatXKbz+IoIdYLxrKim2MjW0Q=="
    },
    "node_modules/centra": {
      "version": "2.5.0",
      "resolved": "https://registry.npmjs.org/centra/-/centra-2.5.0.tgz",
      "integrity": "sha512-CnSF1HD8vOOgNbE4P2fZEhdhfAohvpcF3DSdSvEcSHDAZvr+Xfw73isT8SXJJc3VMBqSwjXhr29/ikHUgFcypg=="
    },
    "node_modules/combined-stream": {
      "version": "1.0.8",
      "resolved": "https://registry.npmjs.org/combined-stream/-/combined-stream-1.0.8.tgz",
      "integrity": "sha512-FQN4MRfuJeHf7cBbBMJFXhKSDq+2kAArBlmRBvcvFE5BB1HZKXtSFASDhdlz9zOYwxh8lDdnvmMOe/+5cdoEdg==",
      "dependencies": {
        "delayed-stream": "~1.0.0"
      },
      "engines": {
        "node": ">= 0.8"
      }
    },
    "node_modules/deep-override": {
      "version": "1.0.2",
      "resolved": "https://registry.npmjs.org/deep-override/-/deep-override-1.0.2.tgz",
      "integrity": "sha512-+bAuLuYqaVVUWPaq8rmU8NLTX85p4I5k5/cVdhBioEfH7k+5NlGdv4NoJVQcJRByqzzTWWzTpih+pU1wBTmMow=="
    },
    "node_modules/delayed-stream": {
      "version": "1.0.0",
      "resolved": "https://registry.npmjs.org/delayed-stream/-/delayed-stream-1.0.0.tgz",
      "integrity": "sha512-ZySD7Nf91aLB0RxL4KGrKHBXl7Eds1DAmEdcoVawXnLD7SDhpNgtuII2aAkg7a7QS41jxPSZ17p4VdGnMHk3MQ==",
      "engines": {
        "node": ">=0.4.0"
      }
    },
    "node_modules/form-data-lite": {
      "version": "1.0.2",
      "resolved": "https://registry.npmjs.org/form-data-lite/-/form-data-lite-1.0.2.tgz",
      "integrity": "sha512-P0Ohn4DNGUIm3gTriMxMSeeR74Q2m25ZGPduSEpEMWN+q7SL2HYHGyuk/B5U61Wb04vtWDTUIYEDafhJ9PGwJg==",
      "dependencies": {
        "asynckit": "^0.4.0",
        "combined-stream": "^1.0.8",
        "mime-lite": "^1.0.2"
      }
    },
    "node_modules/json-query": {
      "version": "2.2.2",
      "resolved": "https://registry.npmjs.org/json-query/-/json-query-2.2.2.tgz",
      "integrity": "sha512-y+IcVZSdqNmS4fO8t1uZF6RMMs0xh3SrTjJr9bp1X3+v0Q13+7Cyv12dSmKwDswp/H427BVtpkLWhGxYu3ZWRA==",
      "engines": {
        "node": "*"
      }
    },
    "node_modules/klona": {
      "version": "2.0.5",
      "resolved": "https://registry.npmjs.org/klona/-/klona-2.0.5.tgz",
      "integrity": "sha512-pJiBpiXMbt7dkzXe8Ghj/u4FfXOOa98fPW+bihOJ4SjnoijweJrNThJfd3ifXpXhREjpoF2mZVH1GfS9LV3kHQ==",
      "engines": {
        "node": ">= 8"
      }
    },
    "node_modules/lightcookie": {
      "version": "1.0.25",
      "resolved": "https://registry.npmjs.org/lightcookie/-/lightcookie-1.0.25.tgz",
      "integrity": "sha512-SrY/+eBPaKAMnsn7mCsoOMZzoQyCyHHHZlFCu2fjo28XxSyCLjlooKiTxyrXTg8NPaHp1YzWi0lcGG1gDi6KHw=="
    },
    "node_modules/matchit": {
      "version": "1.1.0",
      "resolved": "https://registry.npmjs.org/matchit/-/matchit-1.1.0.tgz",
      "integrity": "sha512-+nGYoOlfHmxe5BW5tE0EMJppXEwdSf8uBA1GTZC7Q77kbT35+VKLYJMzVNWCHSsga1ps1tPYFtFyvxvKzWVmMA==",
      "dependencies": {
        "@arr/every": "^1.0.0"
      },
      "engines": {
        "node": ">=6"
      }
    },
    "node_modules/mime-lite": {
      "version": "1.0.2",
      "resolved": "https://registry.npmjs.org/mime-lite/-/mime-lite-1.0.2.tgz",
      "integrity": "sha512-HkTeRkg8B7nSw+ScQFPXBPtk6sKHVUj/HL9dvvgWRe2NZODrNTAIp5ni84oWb9jZBggheZDgYL9Fz0b29Q9a5A=="
    },
    "node_modules/openapi-fuzzer-core": {
      "version": "1.0.6",
      "resolved": "https://registry.npmjs.org/openapi-fuzzer-core/-/openapi-fuzzer-core-1.0.6.tgz",
      "integrity": "sha512-FJNJIfgUFuv4NmVGq9MYdoKra2GrkDy2uhIjE2YGlw30UA1glf4SXLMhI4UwdcJ8jisKdIxi7lXrfej8GvNW5w==",
      "dependencies": {
        "klona": "^2.0.4"
      }
    },
    "node_modules/pactum": {
      "version": "3.1.9",
      "resolved": "https://registry.npmjs.org/pactum/-/pactum-3.1.9.tgz",
      "integrity": "sha512-Z38rzxbqvJ/QLnR+T4tI5yJUxWxl+lo2oWybx7XQ0qqKNlcZCldo0RDEUC9alBIsPLFJD/ygp4oAPkLNbU5iJA==",
      "dependencies": {
        "@exodus/schemasafe": "^1.0.0-rc.6",
        "deep-override": "^1.0.2",
        "form-data-lite": "^1.0.2",
        "json-query": "^2.2.2",
        "klona": "^2.0.5",
        "lightcookie": "^1.0.25",
        "openapi-fuzzer-core": "^1.0.6",
        "pactum-matchers": "^1.1.1",
        "parse-graphql": "^1.0.0",
        "phin": "^3.6.0",
        "polka": "^0.5.2"
      },
      "engines": {
        "node": ">=10"
      }
    },
    "node_modules/pactum-matchers": {
      "version": "1.1.1",
      "resolved": "https://registry.npmjs.org/pactum-matchers/-/pactum-matchers-1.1.1.tgz",
      "integrity": "sha512-n22c45XcUQnZDlsd+8nyns5yuwoCel92rwcyIcz78ok9VsGOu8fDkChfs8FVzQOrEKTEa7gbTjA+EFVkAF47OQ=="
    },
    "node_modules/parse-graphql": {
      "version": "1.0.0",
      "resolved": "https://registry.npmjs.org/parse-graphql/-/parse-graphql-1.0.0.tgz",
      "integrity": "sha512-NjvQHHaiPCxPZrhm/kKnorxOv7r/eA+tE0VW5E8iJMH9wTqFA1V0YK/7nbpxVu3JdXUxyWTKMez9lsHUtAwa0w=="
    },
    "node_modules/phin": {
      "version": "3.6.1",
      "resolved": "https://registry.npmjs.org/phin/-/phin-3.6.1.tgz",
      "integrity": "sha512-ubcFKk2jRr2WUJEh+QpMkCgOQansJDuIShKbsjpejeyI/aOMLrAf0TaisbMjKwTq9CsypFFJqUaN9ZSRmBJLPw==",
      "dependencies": {
        "centra": "^2.4.2"
      },
      "engines": {
        "node": ">= 8"
      }
    },
    "node_modules/playwright": {
      "version": "1.22.2",
      "resolved": "https://registry.npmjs.org/playwright/-/playwright-1.22.2.tgz",
      "integrity": "sha512-hUTpg7LytIl3/O4t0AQJS1V6hWsaSY5uZ7w1oCC8r3a1AQN5d6otIdCkiB3cbzgQkcMaRxisinjMFMVqZkybdQ==",
      "hasInstallScript": true,
      "dependencies": {
        "playwright-core": "1.22.2"
      },
      "bin": {
        "playwright": "cli.js"
      },
      "engines": {
        "node": ">=14"
      }
    },
    "node_modules/playwright-core": {
      "version": "1.22.2",
      "resolved": "https://registry.npmjs.org/playwright-core/-/playwright-core-1.22.2.tgz",
      "integrity": "sha512-w/hc/Ld0RM4pmsNeE6aL/fPNWw8BWit2tg+TfqJ3+p59c6s3B6C8mXvXrIPmfQEobkcFDc+4KirNzOQ+uBSP1Q==",
      "bin": {
        "playwright": "cli.js"
      },
      "engines": {
        "node": ">=14"
      }
    },
    "node_modules/polka": {
      "version": "0.5.2",
      "resolved": "https://registry.npmjs.org/polka/-/polka-0.5.2.tgz",
      "integrity": "sha512-FVg3vDmCqP80tOrs+OeNlgXYmFppTXdjD5E7I4ET1NjvtNmQrb1/mJibybKkb/d4NA7YWAr1ojxuhpL3FHqdlw==",
      "dependencies": {
        "@polka/url": "^0.5.0",
        "trouter": "^2.0.1"
      }
    },
    "node_modules/trouter": {
      "version": "2.0.1",
      "resolved": "https://registry.npmjs.org/trouter/-/trouter-2.0.1.tgz",
      "integrity": "sha512-kr8SKKw94OI+xTGOkfsvwZQ8mWoikZDd2n8XZHjJVZUARZT+4/VV6cacRS6CLsH9bNm+HFIPU1Zx4CnNnb4qlQ==",
      "dependencies": {
        "matchit": "^1.0.0"
      },
      "engines": {
        "node": ">=6"
      }
    }
  },
  "dependencies": {
    "@arr/every": {
      "version": "1.0.1",
      "resolved": "https://registry.npmjs.org/@arr/every/-/every-1.0.1.tgz",
      "integrity": "sha512-UQFQ6SgyJ6LX42W8rHCs8KVc0JS0tzVL9ct4XYedJukskYVWTo49tNiMEK9C2HTyarbNiT/RVIRSY82vH+6sTg=="
    },
    "@exodus/schemasafe": {
      "version": "1.0.0-rc.6",
      "resolved": "https://registry.npmjs.org/@exodus/schemasafe/-/schemasafe-1.0.0-rc.6.tgz",
      "integrity": "sha512-dDnQizD94EdBwEj/fh3zPRa/HWCS9O5au2PuHhZBbuM3xWHxuaKzPBOEWze7Nn0xW68MIpZ7Xdyn1CoCpjKCuQ=="
    },
    "@polka/url": {
      "version": "0.5.0",
      "resolved": "https://registry.npmjs.org/@polka/url/-/url-0.5.0.tgz",
      "integrity": "sha512-oZLYFEAzUKyi3SKnXvj32ZCEGH6RDnao7COuCVhDydMS9NrCSVXhM79VaKyP5+Zc33m0QXEd2DN3UkU7OsHcfw=="
    },
    "asynckit": {
      "version": "0.4.0",
      "resolved": "https://registry.npmjs.org/asynckit/-/asynckit-0.4.0.tgz",
      "integrity": "sha512-Oei9OH4tRh0YqU3GxhX79dM/mwVgvbZJaSNaRk+bshkj0S5cfHcgYakreBjrHwatXKbz+IoIdYLxrKim2MjW0Q=="
    },
    "centra": {
      "version": "2.5.0",
      "resolved": "https://registry.npmjs.org/centra/-/centra-2.5.0.tgz",
      "integrity": "sha512-CnSF1HD8vOOgNbE4P2fZEhdhfAohvpcF3DSdSvEcSHDAZvr+Xfw73isT8SXJJc3VMBqSwjXhr29/ikHUgFcypg=="
    },
    "combined-stream": {
      "version": "1.0.8",
      "resolved": "https://registry.npmjs.org/combined-stream/-/combined-stream-1.0.8.tgz",
      "integrity": "sha512-FQN4MRfuJeHf7cBbBMJFXhKSDq+2kAArBlmRBvcvFE5BB1HZKXtSFASDhdlz9zOYwxh8lDdnvmMOe/+5cdoEdg==",
      "requires": {
        "delayed-stream": "~1.0.0"
      }
    },
    "deep-override": {
      "version": "1.0.2",
      "resolved": "https://registry.npmjs.org/deep-override/-/deep-override-1.0.2.tgz",
      "integrity": "sha512-+bAuLuYqaVVUWPaq8rmU8NLTX85p4I5k5/cVdhBioEfH7k+5NlGdv4NoJVQcJRByqzzTWWzTpih+pU1wBTmMow=="
    },
    "delayed-stream": {
      "version": "1.0.0",
      "resolved": "https://registry.npmjs.org/delayed-stream/-/delayed-stream-1.0.0.tgz",
      "integrity": "sha512-ZySD7Nf91aLB0RxL4KGrKHBXl7Eds1DAmEdcoVawXnLD7SDhpNgtuII2aAkg7a7QS41jxPSZ17p4VdGnMHk3MQ=="
    },
    "form-data-lite": {
      "version": "1.0.2",
      "resolved": "https://registry.npmjs.org/form-data-lite/-/form-data-lite-1.0.2.tgz",
      "integrity": "sha512-P0Ohn4DNGUIm3gTriMxMSeeR74Q2m25ZGPduSEpEMWN+q7SL2HYHGyuk/B5U61Wb04vtWDTUIYEDafhJ9PGwJg==",
      "requires": {
        "asynckit": "^0.4.0",
        "combined-stream": "^1.0.8",
        "mime-lite": "^1.0.2"
      }
    },
    "json-query": {
      "version": "2.2.2",
      "resolved": "https://registry.npmjs.org/json-query/-/json-query-2.2.2.tgz",
      "integrity": "sha512-y+IcVZSdqNmS4fO8t1uZF6RMMs0xh3SrTjJr9bp1X3+v0Q13+7Cyv12dSmKwDswp/H427BVtpkLWhGxYu3ZWRA=="
    },
    "klona": {
      "version": "2.0.5",
      "resolved": "https://registry.npmjs.org/klona/-/klona-2.0.5.tgz",
      "integrity": "sha512-pJiBpiXMbt7dkzXe8Ghj/u4FfXOOa98fPW+bihOJ4SjnoijweJrNThJfd3ifXpXhREjpoF2mZVH1GfS9LV3kHQ=="
    },
    "lightcookie": {
      "version": "1.0.25",
      "resolved": "https://registry.npmjs.org/lightcookie/-/lightcookie-1.0.25.tgz",
      "integrity": "sha512-SrY/+eBPaKAMnsn7mCsoOMZzoQyCyHHHZlFCu2fjo28XxSyCLjlooKiTxyrXTg8NPaHp1YzWi0lcGG1gDi6KHw=="
    },
    "matchit": {
      "version": "1.1.0",
      "resolved": "https://registry.npmjs.org/matchit/-/matchit-1.1.0.tgz",
      "integrity": "sha512-+nGYoOlfHmxe5BW5tE0EMJppXEwdSf8uBA1GTZC7Q77kbT35+VKLYJMzVNWCHSsga1ps1tPYFtFyvxvKzWVmMA==",
      "requires": {
        "@arr/every": "^1.0.0"
      }
    },
    "mime-lite": {
      "version": "1.0.2",
      "resolved": "https://registry.npmjs.org/mime-lite/-/mime-lite-1.0.2.tgz",
      "integrity": "sha512-HkTeRkg8B7nSw+ScQFPXBPtk6sKHVUj/HL9dvvgWRe2NZODrNTAIp5ni84oWb9jZBggheZDgYL9Fz0b29Q9a5A=="
    },
    "openapi-fuzzer-core": {
      "version": "1.0.6",
      "resolved": "https://registry.npmjs.org/openapi-fuzzer-core/-/openapi-fuzzer-core-1.0.6.tgz",
      "integrity": "sha512-FJNJIfgUFuv4NmVGq9MYdoKra2GrkDy2uhIjE2YGlw30UA1glf4SXLMhI4UwdcJ8jisKdIxi7lXrfej8GvNW5w==",
      "requires": {
        "klona": "^2.0.4"
      }
    },
    "pactum": {
      "version": "3.1.9",
      "resolved": "https://registry.npmjs.org/pactum/-/pactum-3.1.9.tgz",
      "integrity": "sha512-Z38rzxbqvJ/QLnR+T4tI5yJUxWxl+lo2oWybx7XQ0qqKNlcZCldo0RDEUC9alBIsPLFJD/ygp4oAPkLNbU5iJA==",
      "requires": {
        "@exodus/schemasafe": "^1.0.0-rc.6",
        "deep-override": "^1.0.2",
        "form-data-lite": "^1.0.2",
        "json-query": "^2.2.2",
        "klona": "^2.0.5",
        "lightcookie": "^1.0.25",
        "openapi-fuzzer-core": "^1.0.6",
        "pactum-matchers": "^1.1.1",
        "parse-graphql": "^1.0.0",
        "phin": "^3.6.0",
        "polka": "^0.5.2"
      }
    },
    "pactum-matchers": {
      "version": "1.1.1",
      "resolved": "https://registry.npmjs.org/pactum-matchers/-/pactum-matchers-1.1.1.tgz",
      "integrity": "sha512-n22c45XcUQnZDlsd+8nyns5yuwoCel92rwcyIcz78ok9VsGOu8fDkChfs8FVzQOrEKTEa7gbTjA+EFVkAF47OQ=="
    },
    "parse-graphql": {
      "version": "1.0.0",
      "resolved": "https://registry.npmjs.org/parse-graphql/-/parse-graphql-1.0.0.tgz",
      "integrity": "sha512-NjvQHHaiPCxPZrhm/kKnorxOv7r/eA+tE0VW5E8iJMH9wTqFA1V0YK/7nbpxVu3JdXUxyWTKMez9lsHUtAwa0w=="
    },
    "phin": {
      "version": "3.6.1",
      "resolved": "https://registry.npmjs.org/phin/-/phin-3.6.1.tgz",
      "integrity": "sha512-ubcFKk2jRr2WUJEh+QpMkCgOQansJDuIShKbsjpejeyI/aOMLrAf0TaisbMjKwTq9CsypFFJqUaN9ZSRmBJLPw==",
      "requires": {
        "centra": "^2.4.2"
      }
    },
    "playwright": {
      "version": "1.22.2",
      "resolved": "https://registry.npmjs.org/playwright/-/playwright-1.22.2.tgz",
      "integrity": "sha512-hUTpg7LytIl3/O4t0AQJS1V6hWsaSY5uZ7w1oCC8r3a1AQN5d6otIdCkiB3cbzgQkcMaRxisinjMFMVqZkybdQ==",
      "requires": {
        "playwright-core": "1.22.2"
      }
    },
    "playwright-core": {
      "version": "1.22.2",
      "resolved": "https://registry.npmjs.org/playwright-core/-/playwright-core-1.22.2.tgz",
      "integrity": "sha512-w/hc/Ld0RM4pmsNeE6aL/fPNWw8BWit2tg+TfqJ3+p59c6s3B6C8mXvXrIPmfQEobkcFDc+4KirNzOQ+uBSP1Q=="
    },
    "polka": {
      "version": "0.5.2",
      "resolved": "https://registry.npmjs.org/polka/-/polka-0.5.2.tgz",
      "integrity": "sha512-FVg3vDmCqP80tOrs+OeNlgXYmFppTXdjD5E7I4ET1NjvtNmQrb1/mJibybKkb/d4NA7YWAr1ojxuhpL3FHqdlw==",
      "requires": {
        "@polka/url": "^0.5.0",
        "trouter": "^2.0.1"
      }
    },
    "trouter": {
      "version": "2.0.1",
      "resolved": "https://registry.npmjs.org/trouter/-/trouter-2.0.1.tgz",
      "integrity": "sha512-kr8SKKw94OI+xTGOkfsvwZQ8mWoikZDd2n8XZHjJVZUARZT+4/VV6cacRS6CLsH9bNm+HFIPU1Zx4CnNnb4qlQ==",
      "requires": {
        "matchit": "^1.0.0"
      }
    }
  }
}
